
Microsoft Visual Studio Solution File, Format Version 12.00
# Visual Studio Version 17
VisualStudioVersion = 17.3.32825.248
MinimumVisualStudioVersion = 10.0.40219.1
Project("{FAE04EC0-301F-11D3-BF4B-00C04F79EFBC}") = "TestByBigzad", "TestByBigzad.csproj", "{EDBC2DB6-A9BB-4FAE-9573-53DBC5E365F0}"
EndProject
Global
	GlobalSection(SolutionConfigurationPlatforms) = preSolution
		Debug|Any CPU = Debug|Any CPU
		Release|Any CPU = Release|Any CPU
	EndGlobalSection
	GlobalSection(ProjectConfigurationPlatforms) = postSolution
		{EDBC2DB6-A9BB-4FAE-9573-53DBC5E365F0}.Debug|Any CPU.ActiveCfg = Debug|Any CPU
		{EDBC2DB6-A9BB-4FAE-9573-53DBC5E365F0}.Debug|Any CPU.Build.0 = Debug|Any CPU
		{EDBC2DB6-A9BB-4FAE-9573-53DBC5E365F0}.Release|Any CPU.ActiveCfg = Release|Any CPU
		{EDBC2DB6-A9BB-4FAE-9573-53DBC5E365F0}.Release|Any CPU.Build.0 = Release|Any CPU
	EndGlobalSection
	GlobalSection(SolutionProperties) = preSolution
		HideSolutionNode = FALSE
	EndGlobalSection
	GlobalSection(ExtensibilityGlobals) = postSolution
		SolutionGuid = {AC714ADA-9DB2-4936-8596-A7BD9FB2BCA0}
	EndGlobalSection
EndGlobal
